
Microsoft Visual Studio Solution File, Format Version 12.00
# Visual Studio Version 16
VisualStudioVersion = 16.0.30711.63
MinimumVisualStudioVersion = 10.0.40219.1
Project("{FAE04EC0-301F-11D3-BF4B-00C04F79EFBC}") = "GetCompanyInfoByCVR", "GetCompanyInfoByCVR.csproj", "{AEBC5C13-E02C-469B-9482-5BDF72BDA0E1}"
EndProject
Global
	GlobalSection(SolutionConfigurationPlatforms) = preSolution
		Debug|Any CPU = Debug|Any CPU
		Release|Any CPU = Release|Any CPU
	EndGlobalSection
	GlobalSection(ProjectConfigurationPlatforms) = postSolution
		{AEBC5C13-E02C-469B-9482-5BDF72BDA0E1}.Debug|Any CPU.ActiveCfg = Debug|Any CPU
		{AEBC5C13-E02C-469B-9482-5BDF72BDA0E1}.Debug|Any CPU.Build.0 = Debug|Any CPU
		{AEBC5C13-E02C-469B-9482-5BDF72BDA0E1}.Release|Any CPU.ActiveCfg = Release|Any CPU
		{AEBC5C13-E02C-469B-9482-5BDF72BDA0E1}.Release|Any CPU.Build.0 = Release|Any CPU
	EndGlobalSection
	GlobalSection(SolutionProperties) = preSolution
		HideSolutionNode = FALSE
	EndGlobalSection
	GlobalSection(ExtensibilityGlobals) = postSolution
		SolutionGuid = {9C19C982-BDE1-4924-8B19-6F78FF78722F}
	EndGlobalSection
EndGlobal
